
Microsoft Visual Studio Solution File, Format Version 12.00
# Visual Studio Version 16
VisualStudioVersion = 16.0.31729.503
MinimumVisualStudioVersion = 10.0.40219.1
Project("{FAE04EC0-301F-11D3-BF4B-00C04F79EFBC}") = "HeyWorld", "HeyWorld\HeyWorld.csproj", "{AB389738-D38E-49D7-B9AA-3D0D272E967A}"
EndProject
Global
	GlobalSection(SolutionConfigurationPlatforms) = preSolution
		Debug|Any CPU = Debug|Any CPU
		Release|Any CPU = Release|Any CPU
	EndGlobalSection
	GlobalSection(ProjectConfigurationPlatforms) = postSolution
		{AB389738-D38E-49D7-B9AA-3D0D272E967A}.Debug|Any CPU.ActiveCfg = Debug|Any CPU
		{AB389738-D38E-49D7-B9AA-3D0D272E967A}.Debug|Any CPU.Build.0 = Debug|Any CPU
		{AB389738-D38E-49D7-B9AA-3D0D272E967A}.Release|Any CPU.ActiveCfg = Release|Any CPU
		{AB389738-D38E-49D7-B9AA-3D0D272E967A}.Release|Any CPU.Build.0 = Release|Any CPU
	EndGlobalSection
	GlobalSection(SolutionProperties) = preSolution
		HideSolutionNode = FALSE
	EndGlobalSection
	GlobalSection(ExtensibilityGlobals) = postSolution
		SolutionGuid = {899106BB-104C-4421-AFA5-3EBC57B47D39}
	EndGlobalSection
EndGlobal
